
Microsoft Visual Studio Solution File, Format Version 12.00
# Visual Studio Version 17
VisualStudioVersion = 17.4.33103.184
MinimumVisualStudioVersion = 10.0.40219.1
Project("{FAE04EC0-301F-11D3-BF4B-00C04F79EFBC}") = "RunLengthCount", "RunLengthCount.csproj", "{883F6692-0E25-463D-A08A-5B178D4F31EC}"
EndProject
Global
	GlobalSection(SolutionConfigurationPlatforms) = preSolution
		Debug|Any CPU = Debug|Any CPU
		Release|Any CPU = Release|Any CPU
	EndGlobalSection
	GlobalSection(ProjectConfigurationPlatforms) = postSolution
		{883F6692-0E25-463D-A08A-5B178D4F31EC}.Debug|Any CPU.ActiveCfg = Debug|Any CPU
		{883F6692-0E25-463D-A08A-5B178D4F31EC}.Debug|Any CPU.Build.0 = Debug|Any CPU
		{883F6692-0E25-463D-A08A-5B178D4F31EC}.Release|Any CPU.ActiveCfg = Release|Any CPU
		{883F6692-0E25-463D-A08A-5B178D4F31EC}.Release|Any CPU.Build.0 = Release|Any CPU
	EndGlobalSection
	GlobalSection(SolutionProperties) = preSolution
		HideSolutionNode = FALSE
	EndGlobalSection
	GlobalSection(ExtensibilityGlobals) = postSolution
		SolutionGuid = {A971E905-A670-40BB-878F-FF8EC0CEA455}
	EndGlobalSection
EndGlobal
