
Microsoft Visual Studio Solution File, Format Version 12.00
# Visual Studio Version 17
VisualStudioVersion = 17.4.33110.190
MinimumVisualStudioVersion = 10.0.40219.1
Project("{FAE04EC0-301F-11D3-BF4B-00C04F79EFBC}") = "CS11Test", "CS11Test.csproj", "{F06E32CE-455B-48B9-AA10-BC541E78774C}"
EndProject
Global
	GlobalSection(SolutionConfigurationPlatforms) = preSolution
		Debug|Any CPU = Debug|Any CPU
		Release|Any CPU = Release|Any CPU
	EndGlobalSection
	GlobalSection(ProjectConfigurationPlatforms) = postSolution
		{F06E32CE-455B-48B9-AA10-BC541E78774C}.Debug|Any CPU.ActiveCfg = Debug|Any CPU
		{F06E32CE-455B-48B9-AA10-BC541E78774C}.Debug|Any CPU.Build.0 = Debug|Any CPU
		{F06E32CE-455B-48B9-AA10-BC541E78774C}.Release|Any CPU.ActiveCfg = Release|Any CPU
		{F06E32CE-455B-48B9-AA10-BC541E78774C}.Release|Any CPU.Build.0 = Release|Any CPU
	EndGlobalSection
	GlobalSection(SolutionProperties) = preSolution
		HideSolutionNode = FALSE
	EndGlobalSection
	GlobalSection(ExtensibilityGlobals) = postSolution
		SolutionGuid = {D548BB76-09F7-4F53-BFDE-CD569B437AEA}
	EndGlobalSection
EndGlobal
