
Microsoft Visual Studio Solution File, Format Version 12.00
# Visual Studio Version 17
VisualStudioVersion = 17.4.33122.133
MinimumVisualStudioVersion = 10.0.40219.1
Project("{9A19103F-16F7-4668-BE54-9A1E7A4F7556}") = "06", "06\06.csproj", "{5732AB4B-5054-425E-BD15-FDD5A935DFCF}"
EndProject
Project("{9A19103F-16F7-4668-BE54-9A1E7A4F7556}") = "01", "01\01.csproj", "{E5A41261-3F9A-4DD7-8BB4-2AB33D3D61FA}"
EndProject
Project("{9A19103F-16F7-4668-BE54-9A1E7A4F7556}") = "02", "02\02.csproj", "{29A5DD04-FE32-4B7C-856A-9BF650996B15}"
EndProject
Project("{9A19103F-16F7-4668-BE54-9A1E7A4F7556}") = "03", "03\03.csproj", "{D2B84094-E291-4541-8757-D4E25D810418}"
EndProject
Project("{9A19103F-16F7-4668-BE54-9A1E7A4F7556}") = "04", "04\04.csproj", "{A85947C5-4B62-4F5A-A4BB-D1730AE45297}"
EndProject
Project("{9A19103F-16F7-4668-BE54-9A1E7A4F7556}") = "05", "05\05.csproj", "{92B1E991-5D57-4633-B9A5-ECB9E5481569}"
EndProject
Project("{9A19103F-16F7-4668-BE54-9A1E7A4F7556}") = "07 - file system browser", "07 - file system browser\07 - file system browser.csproj", "{0776655F-0777-4FBD-8841-CCA08DA7398E}"
EndProject
Project("{9A19103F-16F7-4668-BE54-9A1E7A4F7556}") = "08 - Tree house", "08 - Tree house\08 - Tree house.csproj", "{8F11999A-7865-4E8D-B2A7-8AC5930D8971}"
EndProject
Project("{9A19103F-16F7-4668-BE54-9A1E7A4F7556}") = "Extensions", "Extensions\Extensions.csproj", "{E962628E-451C-40CB-88F4-69ED0FA5973A}"
EndProject
Project("{FAE04EC0-301F-11D3-BF4B-00C04F79EFBC}") = "09 - Rope physics", "09 - Rope physics\09 - Rope physics.csproj", "{8D3D758A-8815-4D45-8FC7-9498B6B953C6}"
EndProject
Project("{FAE04EC0-301F-11D3-BF4B-00C04F79EFBC}") = "10 - Cathode-ray tube", "10 - Cathode-ray tube\10 - Cathode-ray tube.csproj", "{8CF6AADE-E9C1-46A5-8664-C4E0B3B4E9F7}"
EndProject
Project("{FAE04EC0-301F-11D3-BF4B-00C04F79EFBC}") = "11 - Monkey in the middle", "11 - Monkey in the middle\11 - Monkey in the middle.csproj", "{4CD1DD5C-7960-4141-AA7B-544712080054}"
EndProject
Global
	GlobalSection(SolutionConfigurationPlatforms) = preSolution
		Debug|Any CPU = Debug|Any CPU
		Release|Any CPU = Release|Any CPU
	EndGlobalSection
	GlobalSection(ProjectConfigurationPlatforms) = postSolution
		{5732AB4B-5054-425E-BD15-FDD5A935DFCF}.Debug|Any CPU.ActiveCfg = Debug|Any CPU
		{5732AB4B-5054-425E-BD15-FDD5A935DFCF}.Debug|Any CPU.Build.0 = Debug|Any CPU
		{5732AB4B-5054-425E-BD15-FDD5A935DFCF}.Release|Any CPU.ActiveCfg = Release|Any CPU
		{5732AB4B-5054-425E-BD15-FDD5A935DFCF}.Release|Any CPU.Build.0 = Release|Any CPU
		{E5A41261-3F9A-4DD7-8BB4-2AB33D3D61FA}.Debug|Any CPU.ActiveCfg = Debug|Any CPU
		{E5A41261-3F9A-4DD7-8BB4-2AB33D3D61FA}.Debug|Any CPU.Build.0 = Debug|Any CPU
		{E5A41261-3F9A-4DD7-8BB4-2AB33D3D61FA}.Release|Any CPU.ActiveCfg = Release|Any CPU
		{E5A41261-3F9A-4DD7-8BB4-2AB33D3D61FA}.Release|Any CPU.Build.0 = Release|Any CPU
		{29A5DD04-FE32-4B7C-856A-9BF650996B15}.Debug|Any CPU.ActiveCfg = Debug|Any CPU
		{29A5DD04-FE32-4B7C-856A-9BF650996B15}.Debug|Any CPU.Build.0 = Debug|Any CPU
		{29A5DD04-FE32-4B7C-856A-9BF650996B15}.Release|Any CPU.ActiveCfg = Release|Any CPU
		{29A5DD04-FE32-4B7C-856A-9BF650996B15}.Release|Any CPU.Build.0 = Release|Any CPU
		{D2B84094-E291-4541-8757-D4E25D810418}.Debug|Any CPU.ActiveCfg = Debug|Any CPU
		{D2B84094-E291-4541-8757-D4E25D810418}.Debug|Any CPU.Build.0 = Debug|Any CPU
		{D2B84094-E291-4541-8757-D4E25D810418}.Release|Any CPU.ActiveCfg = Release|Any CPU
		{D2B84094-E291-4541-8757-D4E25D810418}.Release|Any CPU.Build.0 = Release|Any CPU
		{A85947C5-4B62-4F5A-A4BB-D1730AE45297}.Debug|Any CPU.ActiveCfg = Debug|Any CPU
		{A85947C5-4B62-4F5A-A4BB-D1730AE45297}.Debug|Any CPU.Build.0 = Debug|Any CPU
		{A85947C5-4B62-4F5A-A4BB-D1730AE45297}.Release|Any CPU.ActiveCfg = Release|Any CPU
		{A85947C5-4B62-4F5A-A4BB-D1730AE45297}.Release|Any CPU.Build.0 = Release|Any CPU
		{92B1E991-5D57-4633-B9A5-ECB9E5481569}.Debug|Any CPU.ActiveCfg = Debug|Any CPU
		{92B1E991-5D57-4633-B9A5-ECB9E5481569}.Debug|Any CPU.Build.0 = Debug|Any CPU
		{92B1E991-5D57-4633-B9A5-ECB9E5481569}.Release|Any CPU.ActiveCfg = Release|Any CPU
		{92B1E991-5D57-4633-B9A5-ECB9E5481569}.Release|Any CPU.Build.0 = Release|Any CPU
		{0776655F-0777-4FBD-8841-CCA08DA7398E}.Debug|Any CPU.ActiveCfg = Debug|Any CPU
		{0776655F-0777-4FBD-8841-CCA08DA7398E}.Debug|Any CPU.Build.0 = Debug|Any CPU
		{0776655F-0777-4FBD-8841-CCA08DA7398E}.Release|Any CPU.ActiveCfg = Release|Any CPU
		{0776655F-0777-4FBD-8841-CCA08DA7398E}.Release|Any CPU.Build.0 = Release|Any CPU
		{8F11999A-7865-4E8D-B2A7-8AC5930D8971}.Debug|Any CPU.ActiveCfg = Debug|Any CPU
		{8F11999A-7865-4E8D-B2A7-8AC5930D8971}.Debug|Any CPU.Build.0 = Debug|Any CPU
		{8F11999A-7865-4E8D-B2A7-8AC5930D8971}.Release|Any CPU.ActiveCfg = Release|Any CPU
		{8F11999A-7865-4E8D-B2A7-8AC5930D8971}.Release|Any CPU.Build.0 = Release|Any CPU
		{E962628E-451C-40CB-88F4-69ED0FA5973A}.Debug|Any CPU.ActiveCfg = Debug|Any CPU
		{E962628E-451C-40CB-88F4-69ED0FA5973A}.Debug|Any CPU.Build.0 = Debug|Any CPU
		{E962628E-451C-40CB-88F4-69ED0FA5973A}.Release|Any CPU.ActiveCfg = Release|Any CPU
		{E962628E-451C-40CB-88F4-69ED0FA5973A}.Release|Any CPU.Build.0 = Release|Any CPU
		{8D3D758A-8815-4D45-8FC7-9498B6B953C6}.Debug|Any CPU.ActiveCfg = Debug|Any CPU
		{8D3D758A-8815-4D45-8FC7-9498B6B953C6}.Debug|Any CPU.Build.0 = Debug|Any CPU
		{8D3D758A-8815-4D45-8FC7-9498B6B953C6}.Release|Any CPU.ActiveCfg = Release|Any CPU
		{8D3D758A-8815-4D45-8FC7-9498B6B953C6}.Release|Any CPU.Build.0 = Release|Any CPU
		{8CF6AADE-E9C1-46A5-8664-C4E0B3B4E9F7}.Debug|Any CPU.ActiveCfg = Debug|Any CPU
		{8CF6AADE-E9C1-46A5-8664-C4E0B3B4E9F7}.Debug|Any CPU.Build.0 = Debug|Any CPU
		{8CF6AADE-E9C1-46A5-8664-C4E0B3B4E9F7}.Release|Any CPU.ActiveCfg = Release|Any CPU
		{8CF6AADE-E9C1-46A5-8664-C4E0B3B4E9F7}.Release|Any CPU.Build.0 = Release|Any CPU
		{4CD1DD5C-7960-4141-AA7B-544712080054}.Debug|Any CPU.ActiveCfg = Debug|Any CPU
		{4CD1DD5C-7960-4141-AA7B-544712080054}.Debug|Any CPU.Build.0 = Debug|Any CPU
		{4CD1DD5C-7960-4141-AA7B-544712080054}.Release|Any CPU.ActiveCfg = Release|Any CPU
		{4CD1DD5C-7960-4141-AA7B-544712080054}.Release|Any CPU.Build.0 = Release|Any CPU
	EndGlobalSection
	GlobalSection(SolutionProperties) = preSolution
		HideSolutionNode = FALSE
	EndGlobalSection
	GlobalSection(ExtensibilityGlobals) = postSolution
		SolutionGuid = {350D41D3-D8C3-4D10-8DF5-07BA6491FE9F}
	EndGlobalSection
EndGlobal
