
Microsoft Visual Studio Solution File, Format Version 12.00
# Visual Studio Version 17
VisualStudioVersion = 17.4.33122.133
MinimumVisualStudioVersion = 10.0.40219.1
Project("{FAE04EC0-301F-11D3-BF4B-00C04F79EFBC}") = "04", "04.csproj", "{05B274DC-9806-4485-B02A-7D1A48B13C3B}"
EndProject
Global
	GlobalSection(SolutionConfigurationPlatforms) = preSolution
		Debug|Any CPU = Debug|Any CPU
		Release|Any CPU = Release|Any CPU
	EndGlobalSection
	GlobalSection(ProjectConfigurationPlatforms) = postSolution
		{05B274DC-9806-4485-B02A-7D1A48B13C3B}.Debug|Any CPU.ActiveCfg = Debug|Any CPU
		{05B274DC-9806-4485-B02A-7D1A48B13C3B}.Debug|Any CPU.Build.0 = Debug|Any CPU
		{05B274DC-9806-4485-B02A-7D1A48B13C3B}.Release|Any CPU.ActiveCfg = Release|Any CPU
		{05B274DC-9806-4485-B02A-7D1A48B13C3B}.Release|Any CPU.Build.0 = Release|Any CPU
	EndGlobalSection
	GlobalSection(SolutionProperties) = preSolution
		HideSolutionNode = FALSE
	EndGlobalSection
	GlobalSection(ExtensibilityGlobals) = postSolution
		SolutionGuid = {0EFA3A7F-40E1-47D5-9255-D8CAFA1076DC}
	EndGlobalSection
EndGlobal
