
Microsoft Visual Studio Solution File, Format Version 12.00
# Visual Studio Version 17
VisualStudioVersion = 17.4.33103.184
MinimumVisualStudioVersion = 10.0.40219.1
Project("{FAE04EC0-301F-11D3-BF4B-00C04F79EFBC}") = "01 - Taxicab geometry", "01 - Taxicab geometry.csproj", "{6C4A66AC-4CC1-490F-8583-D78676FEC4C9}"
EndProject
Global
	GlobalSection(SolutionConfigurationPlatforms) = preSolution
		Debug|Any CPU = Debug|Any CPU
		Release|Any CPU = Release|Any CPU
	EndGlobalSection
	GlobalSection(ProjectConfigurationPlatforms) = postSolution
		{6C4A66AC-4CC1-490F-8583-D78676FEC4C9}.Debug|Any CPU.ActiveCfg = Debug|Any CPU
		{6C4A66AC-4CC1-490F-8583-D78676FEC4C9}.Debug|Any CPU.Build.0 = Debug|Any CPU
		{6C4A66AC-4CC1-490F-8583-D78676FEC4C9}.Release|Any CPU.ActiveCfg = Release|Any CPU
		{6C4A66AC-4CC1-490F-8583-D78676FEC4C9}.Release|Any CPU.Build.0 = Release|Any CPU
	EndGlobalSection
	GlobalSection(SolutionProperties) = preSolution
		HideSolutionNode = FALSE
	EndGlobalSection
	GlobalSection(ExtensibilityGlobals) = postSolution
		SolutionGuid = {D25C9CB2-6E9A-4A1A-86B9-5660B1C8DC28}
	EndGlobalSection
EndGlobal
