
Microsoft Visual Studio Solution File, Format Version 12.00
# Visual Studio Version 17
VisualStudioVersion = 17.4.33103.184
MinimumVisualStudioVersion = 10.0.40219.1
Project("{FAE04EC0-301F-11D3-BF4B-00C04F79EFBC}") = "08 - lcd drawing", "08 - lcd drawing.csproj", "{0D886907-161B-45B4-A180-6F5977A9B385}"
EndProject
Global
	GlobalSection(SolutionConfigurationPlatforms) = preSolution
		Debug|Any CPU = Debug|Any CPU
		Release|Any CPU = Release|Any CPU
	EndGlobalSection
	GlobalSection(ProjectConfigurationPlatforms) = postSolution
		{0D886907-161B-45B4-A180-6F5977A9B385}.Debug|Any CPU.ActiveCfg = Debug|Any CPU
		{0D886907-161B-45B4-A180-6F5977A9B385}.Debug|Any CPU.Build.0 = Debug|Any CPU
		{0D886907-161B-45B4-A180-6F5977A9B385}.Release|Any CPU.ActiveCfg = Release|Any CPU
		{0D886907-161B-45B4-A180-6F5977A9B385}.Release|Any CPU.Build.0 = Release|Any CPU
	EndGlobalSection
	GlobalSection(SolutionProperties) = preSolution
		HideSolutionNode = FALSE
	EndGlobalSection
	GlobalSection(ExtensibilityGlobals) = postSolution
		SolutionGuid = {727F4BF4-BF8E-4C97-A6B1-35C97C199B5B}
	EndGlobalSection
EndGlobal
